
Microsoft Visual Studio Solution File, Format Version 12.00
# Visual Studio Version 16
VisualStudioVersion = 16.0.33027.164
MinimumVisualStudioVersion = 10.0.40219.1
Project("{FAE04EC0-301F-11D3-BF4B-00C04F79EFBC}") = "NestedLoops2", "NestedLoops2.csproj", "{2B916CCC-13D7-49E2-9F9C-DBBB0EC0A917}"
EndProject
Global
	GlobalSection(SolutionConfigurationPlatforms) = preSolution
		Debug|Any CPU = Debug|Any CPU
		Release|Any CPU = Release|Any CPU
	EndGlobalSection
	GlobalSection(ProjectConfigurationPlatforms) = postSolution
		{2B916CCC-13D7-49E2-9F9C-DBBB0EC0A917}.Debug|Any CPU.ActiveCfg = Debug|Any CPU
		{2B916CCC-13D7-49E2-9F9C-DBBB0EC0A917}.Debug|Any CPU.Build.0 = Debug|Any CPU
		{2B916CCC-13D7-49E2-9F9C-DBBB0EC0A917}.Release|Any CPU.ActiveCfg = Release|Any CPU
		{2B916CCC-13D7-49E2-9F9C-DBBB0EC0A917}.Release|Any CPU.Build.0 = Release|Any CPU
	EndGlobalSection
	GlobalSection(SolutionProperties) = preSolution
		HideSolutionNode = FALSE
	EndGlobalSection
	GlobalSection(ExtensibilityGlobals) = postSolution
		SolutionGuid = {262CF896-536C-4EA6-934E-7983C18F66DA}
	EndGlobalSection
EndGlobal
