
Microsoft Visual Studio Solution File, Format Version 12.00
# Visual Studio Version 16
VisualStudioVersion = 16.0.33027.164
MinimumVisualStudioVersion = 10.0.40219.1
Project("{FAE04EC0-301F-11D3-BF4B-00C04F79EFBC}") = "DotRectangle", "DotRectangle.csproj", "{D5AF2F12-5054-48D1-A55F-CA9648788743}"
EndProject
Global
	GlobalSection(SolutionConfigurationPlatforms) = preSolution
		Debug|Any CPU = Debug|Any CPU
		Release|Any CPU = Release|Any CPU
	EndGlobalSection
	GlobalSection(ProjectConfigurationPlatforms) = postSolution
		{D5AF2F12-5054-48D1-A55F-CA9648788743}.Debug|Any CPU.ActiveCfg = Debug|Any CPU
		{D5AF2F12-5054-48D1-A55F-CA9648788743}.Debug|Any CPU.Build.0 = Debug|Any CPU
		{D5AF2F12-5054-48D1-A55F-CA9648788743}.Release|Any CPU.ActiveCfg = Release|Any CPU
		{D5AF2F12-5054-48D1-A55F-CA9648788743}.Release|Any CPU.Build.0 = Release|Any CPU
	EndGlobalSection
	GlobalSection(SolutionProperties) = preSolution
		HideSolutionNode = FALSE
	EndGlobalSection
	GlobalSection(ExtensibilityGlobals) = postSolution
		SolutionGuid = {E4C7FA1D-1FA5-4BD1-B67B-0D637F3E68B3}
	EndGlobalSection
EndGlobal
